
Microsoft Visual Studio Solution File, Format Version 11.00
# Visual Studio 2010
Project("{FAE04EC0-301F-11D3-BF4B-00C04F79EFBC}") = "Login2", "Login2\Login2.csproj", "{8ED5F05E-E751-44CB-BC29-E2A0A976FE02}"
EndProject
Global
	GlobalSection(SolutionConfigurationPlatforms) = preSolution
		Debug|x86 = Debug|x86
		Release|x86 = Release|x86
	EndGlobalSection
	GlobalSection(ProjectConfigurationPlatforms) = postSolution
		{8ED5F05E-E751-44CB-BC29-E2A0A976FE02}.Debug|x86.ActiveCfg = Debug|x86
		{8ED5F05E-E751-44CB-BC29-E2A0A976FE02}.Debug|x86.Build.0 = Debug|x86
		{8ED5F05E-E751-44CB-BC29-E2A0A976FE02}.Release|x86.ActiveCfg = Release|x86
		{8ED5F05E-E751-44CB-BC29-E2A0A976FE02}.Release|x86.Build.0 = Release|x86
	EndGlobalSection
	GlobalSection(SolutionProperties) = preSolution
		HideSolutionNode = FALSE
	EndGlobalSection
EndGlobal
